
Microsoft Visual Studio Solution File, Format Version 12.00
# Visual Studio 15
VisualStudioVersion = 15.0.28307.852
MinimumVisualStudioVersion = 10.0.40219.1
Project("{FAE04EC0-301F-11D3-BF4B-00C04F79EFBC}") = "KingmakerKoreanFont", "KingmakerKoreanFont\KingmakerKoreanFont.csproj", "{7A3ED34C-0DD3-4832-A4DB-7D47AD02DF94}"
EndProject
Global
	GlobalSection(SolutionConfigurationPlatforms) = preSolution
		Debug|Any CPU = Debug|Any CPU
		Release|Any CPU = Release|Any CPU
	EndGlobalSection
	GlobalSection(ProjectConfigurationPlatforms) = postSolution
		{7A3ED34C-0DD3-4832-A4DB-7D47AD02DF94}.Debug|Any CPU.ActiveCfg = Debug|Any CPU
		{7A3ED34C-0DD3-4832-A4DB-7D47AD02DF94}.Debug|Any CPU.Build.0 = Debug|Any CPU
		{7A3ED34C-0DD3-4832-A4DB-7D47AD02DF94}.Release|Any CPU.ActiveCfg = Release|Any CPU
		{7A3ED34C-0DD3-4832-A4DB-7D47AD02DF94}.Release|Any CPU.Build.0 = Release|Any CPU
	EndGlobalSection
	GlobalSection(SolutionProperties) = preSolution
		HideSolutionNode = FALSE
	EndGlobalSection
	GlobalSection(ExtensibilityGlobals) = postSolution
		SolutionGuid = {B7854589-E294-46D5-ABF8-10E260BD0B80}
	EndGlobalSection
EndGlobal
